// !$*UTF8*$!
{
	archiveVersion = 1;
	classes = {
	};
	objectVersion = 50;
	objects = {

/* Begin PBXBuildFile section */
		00470D9B2264669C002B040F /* LJXRequestTool.m in Sources */ = {isa = PBXBuildFile; fileRef = 00470D9A2264669C002B040F /* LJXRequestTool.m */; };
		00470D9E226468AF002B040F /* XZ_Model.m in Sources */ = {isa = PBXBuildFile; fileRef = 00470D9D226468AF002B040F /* XZ_Model.m */; };
		00470DA122647AC8002B040F /* XZ_WeekViewController.m in Sources */ = {isa = PBXBuildFile; fileRef = 00470DA022647AC8002B040F /* XZ_WeekViewController.m */; };
		00470DA422647DAE002B040F /* XZ_WeekCell.m in Sources */ = {isa = PBXBuildFile; fileRef = 00470DA322647DAE002B040F /* XZ_WeekCell.m */; };
		00470DA722648D60002B040F /* XZ_YearModel.m in Sources */ = {isa = PBXBuildFile; fileRef = 00470DA622648D60002B040F /* XZ_YearModel.m */; };
		00470DB922649223002B040F /* XZ_YearViewController.m in Sources */ = {isa = PBXBuildFile; fileRef = 00470DB822649223002B040F /* XZ_YearViewController.m */; };
		00470DC32264A51F002B040F /* XZ_YearCell.m in Sources */ = {isa = PBXBuildFile; fileRef = 00470DC22264A51F002B040F /* XZ_YearCell.m */; };
		00470DC82265817E002B040F /* APPRootViewController.m in Sources */ = {isa = PBXBuildFile; fileRef = 00470DC72265817E002B040F /* APPRootViewController.m */; };
		00470DCB226586EA002B040F /* QQSearchViewController.m in Sources */ = {isa = PBXBuildFile; fileRef = 00470DCA226586EA002B040F /* QQSearchViewController.m */; };
		00470DCE22658D75002B040F /* QQTestViewController.m in Sources */ = {isa = PBXBuildFile; fileRef = 00470DCD22658D75002B040F /* QQTestViewController.m */; };
		00470DD122659861002B040F /* QQModel.m in Sources */ = {isa = PBXBuildFile; fileRef = 00470DD022659861002B040F /* QQModel.m */; };
		00470DD422659984002B040F /* QQTestCell.m in Sources */ = {isa = PBXBuildFile; fileRef = 00470DD322659984002B040F /* QQTestCell.m */; };
		00470DD82265A4E4002B040F /* TodayViewController.m in Sources */ = {isa = PBXBuildFile; fileRef = 00470DD72265A4E4002B040F /* TodayViewController.m */; };
		00470DDB2265A9AF002B040F /* TodayUnderstandViewController.m in Sources */ = {isa = PBXBuildFile; fileRef = 00470DDA2265A9AF002B040F /* TodayUnderstandViewController.m */; };
		00470DDE2265AA35002B040F /* TodayCell.m in Sources */ = {isa = PBXBuildFile; fileRef = 00470DDD2265AA35002B040F /* TodayCell.m */; };
		00470DE12265ABD3002B040F /* TodayModel.m in Sources */ = {isa = PBXBuildFile; fileRef = 00470DE02265ABD3002B040F /* TodayModel.m */; };
		00470DE62265CCC0002B040F /* Gradient.m in Sources */ = {isa = PBXBuildFile; fileRef = 00470DE52265CCC0002B040F /* Gradient.m */; };
		00470DE92265DA65002B040F /* OtherViewController.m in Sources */ = {isa = PBXBuildFile; fileRef = 00470DE72265DA65002B040F /* OtherViewController.m */; };
		00470E17226D8BDD002B040F /* MMDrawerBarButtonItem.m in Sources */ = {isa = PBXBuildFile; fileRef = 00470E0C226D8BDD002B040F /* MMDrawerBarButtonItem.m */; };
		00470E18226D8BDD002B040F /* UIViewController+MMDrawerController.m in Sources */ = {isa = PBXBuildFile; fileRef = 00470E0D226D8BDD002B040F /* UIViewController+MMDrawerController.m */; };
		00470E19226D8BDD002B040F /* MMDrawerController.m in Sources */ = {isa = PBXBuildFile; fileRef = 00470E0F226D8BDD002B040F /* MMDrawerController.m */; };
		00470E1A226D8BDD002B040F /* MMDrawerVisualState.m in Sources */ = {isa = PBXBuildFile; fileRef = 00470E14226D8BDD002B040F /* MMDrawerVisualState.m */; };
		00470E1B226D8BDD002B040F /* MMExampleDrawerVisualStateManager.m in Sources */ = {isa = PBXBuildFile; fileRef = 00470E16226D8BDD002B040F /* MMExampleDrawerVisualStateManager.m */; };
		00470E1E226D8BF6002B040F /* LeftController.m in Sources */ = {isa = PBXBuildFile; fileRef = 00470E1C226D8BF5002B040F /* LeftController.m */; };
		00470E24226D9A3A002B040F /* LJX_LoginViewController.m in Sources */ = {isa = PBXBuildFile; fileRef = 00470E21226D9A39002B040F /* LJX_LoginViewController.m */; };
		00470E25226D9A3A002B040F /* LJX_RegistViewController.m in Sources */ = {isa = PBXBuildFile; fileRef = 00470E23226D9A3A002B040F /* LJX_RegistViewController.m */; };
		00470E2A226D9DBA002B040F /* LJX_FeedbackViewController.m in Sources */ = {isa = PBXBuildFile; fileRef = 00470E29226D9DBA002B040F /* LJX_FeedbackViewController.m */; };
		00470E2D226DAD11002B040F /* AboutUsViewController.m in Sources */ = {isa = PBXBuildFile; fileRef = 00470E2C226DAD11002B040F /* AboutUsViewController.m */; };
		00470EB8226F09A1002B040F /* ChildTableViewController.m in Sources */ = {isa = PBXBuildFile; fileRef = 00470EB7226F09A1002B040F /* ChildTableViewController.m */; };
		00470EBB226F0A7C002B040F /* ChildTableCell.m in Sources */ = {isa = PBXBuildFile; fileRef = 00470EBA226F0A7C002B040F /* ChildTableCell.m */; };
		00470EBE226F0B39002B040F /* ChildHeaderView.m in Sources */ = {isa = PBXBuildFile; fileRef = 00470EBD226F0B39002B040F /* ChildHeaderView.m */; };
		00470EC0226F0D89002B040F /* 向下箭头-4.png in Resources */ = {isa = PBXBuildFile; fileRef = 00470EBF226F0D88002B040F /* 向下箭头-4.png */; };
		00470EC3226F1E56002B040F /* ChildModel.m in Sources */ = {isa = PBXBuildFile; fileRef = 00470EC2226F1E56002B040F /* ChildModel.m */; };
		00470EC7226FFED3002B040F /* RiddleCategoryViewController.m in Sources */ = {isa = PBXBuildFile; fileRef = 00470EC6226FFED3002B040F /* RiddleCategoryViewController.m */; };
		00470ECA22700272002B040F /* RiddleCategoryModel.m in Sources */ = {isa = PBXBuildFile; fileRef = 00470EC922700272002B040F /* RiddleCategoryModel.m */; };
		00470ECD227018A5002B040F /* NoContentView.m in Sources */ = {isa = PBXBuildFile; fileRef = 00470ECC227018A5002B040F /* NoContentView.m */; };
		00470ED0227021C4002B040F /* UIView+Extension.m in Sources */ = {isa = PBXBuildFile; fileRef = 00470ECF227021C4002B040F /* UIView+Extension.m */; };
		34C1FD672CEF4B97952645C9 /* libPods-LJXXZYS.a in Frameworks */ = {isa = PBXBuildFile; fileRef = 11F443C1549827D1A4F34C33 /* libPods-LJXXZYS.a */; };
		DD7D81B522621EFA00D35D8F /* AppDelegate.m in Sources */ = {isa = PBXBuildFile; fileRef = DD7D81B422621EFA00D35D8F /* AppDelegate.m */; };
		DD7D81B822621EFA00D35D8F /* ViewController.m in Sources */ = {isa = PBXBuildFile; fileRef = DD7D81B722621EFA00D35D8F /* ViewController.m */; };
		DD7D81BB22621EFA00D35D8F /* Main.storyboard in Resources */ = {isa = PBXBuildFile; fileRef = DD7D81B922621EFA00D35D8F /* Main.storyboard */; };
		DD7D81BD22621EFC00D35D8F /* Assets.xcassets in Resources */ = {isa = PBXBuildFile; fileRef = DD7D81BC22621EFC00D35D8F /* Assets.xcassets */; };
		DD7D81C322621EFC00D35D8F /* main.m in Sources */ = {isa = PBXBuildFile; fileRef = DD7D81C222621EFC00D35D8F /* main.m */; };
		DD7D81CD22621EFC00D35D8F /* LJXXZYSTests.m in Sources */ = {isa = PBXBuildFile; fileRef = DD7D81CC22621EFC00D35D8F /* LJXXZYSTests.m */; };
		DD7D81D822621EFC00D35D8F /* LJXXZYSUITests.m in Sources */ = {isa = PBXBuildFile; fileRef = DD7D81D722621EFC00D35D8F /* LJXXZYSUITests.m */; };
		DD7D81E722621F1000D35D8F /* XZ_RootViewController.m in Sources */ = {isa = PBXBuildFile; fileRef = DD7D81E622621F1000D35D8F /* XZ_RootViewController.m */; };
		DD7D81E922621F2000D35D8F /* xingzuo.jpg in Resources */ = {isa = PBXBuildFile; fileRef = DD7D81E822621F2000D35D8F /* xingzuo.jpg */; };
		DD7D81ED2262248B00D35D8F /* XZ_CollectionCell.m in Sources */ = {isa = PBXBuildFile; fileRef = DD7D81EC2262248B00D35D8F /* XZ_CollectionCell.m */; };
		DD7D81FB2262291300D35D8F /* cn.jpg in Resources */ = {isa = PBXBuildFile; fileRef = DD7D81EF2262291300D35D8F /* cn.jpg */; };
		DD7D81FC2262291300D35D8F /* shuangzi.jpg in Resources */ = {isa = PBXBuildFile; fileRef = DD7D81F02262291300D35D8F /* shuangzi.jpg */; };
		DD7D81FD2262291300D35D8F /* tc.jpg in Resources */ = {isa = PBXBuildFile; fileRef = DD7D81F12262291300D35D8F /* tc.jpg */; };
		DD7D81FE2262291300D35D8F /* by.png in Resources */ = {isa = PBXBuildFile; fileRef = DD7D81F22262291300D35D8F /* by.png */; };
		DD7D82002262291300D35D8F /* ss.jpg in Resources */ = {isa = PBXBuildFile; fileRef = DD7D81F42262291300D35D8F /* ss.jpg */; };
		DD7D82012262291300D35D8F /* sy.jpg in Resources */ = {isa = PBXBuildFile; fileRef = DD7D81F52262291300D35D8F /* sy.jpg */; };
		DD7D82022262291300D35D8F /* jn.jpg in Resources */ = {isa = PBXBuildFile; fileRef = DD7D81F62262291300D35D8F /* jn.jpg */; };
		DD7D82032262291300D35D8F /* sz.jpg in Resources */ = {isa = PBXBuildFile; fileRef = DD7D81F72262291300D35D8F /* sz.jpg */; };
		DD7D82042262291300D35D8F /* jx.jpg in Resources */ = {isa = PBXBuildFile; fileRef = DD7D81F82262291300D35D8F /* jx.jpg */; };
		DD7D82052262291300D35D8F /* tx.jpg in Resources */ = {isa = PBXBuildFile; fileRef = DD7D81F92262291300D35D8F /* tx.jpg */; };
		DD7D82062262291300D35D8F /* mj.jpg in Resources */ = {isa = PBXBuildFile; fileRef = DD7D81FA2262291300D35D8F /* mj.jpg */; };
		DD7D820822622D3A00D35D8F /* sp.jpg in Resources */ = {isa = PBXBuildFile; fileRef = DD7D820722622D3A00D35D8F /* sp.jpg */; };
		DD7D82112262AE3900D35D8F /* XZ_ChooseYSViewController.m in Sources */ = {isa = PBXBuildFile; fileRef = DD7D82102262AE3900D35D8F /* XZ_ChooseYSViewController.m */; };
		DD7D82132262B07900D35D8F /* xzys.jpg in Resources */ = {isa = PBXBuildFile; fileRef = DD7D82122262B07900D35D8F /* xzys.jpg */; };
		DD7D82152262B7D900D35D8F /* timg.jpg in Resources */ = {isa = PBXBuildFile; fileRef = DD7D82142262B7D900D35D8F /* timg.jpg */; };
		DD7D82182262BB4E00D35D8F /* XZ_DayViewController.m in Sources */ = {isa = PBXBuildFile; fileRef = DD7D82172262BB4E00D35D8F /* XZ_DayViewController.m */; };
		DD7D821B2262C49900D35D8F /* XZ_DayCell.m in Sources */ = {isa = PBXBuildFile; fileRef = DD7D821A2262C49900D35D8F /* XZ_DayCell.m */; };
		DD7D821D226331F000D35D8F /* Images.xcassets in Resources */ = {isa = PBXBuildFile; fileRef = DD7D821C226331F000D35D8F /* Images.xcassets */; };
/* End PBXBuildFile section */

/* Begin PBXContainerItemProxy section */
		DD7D81C922621EFC00D35D8F /* PBXContainerItemProxy */ = {
			isa = PBXContainerItemProxy;
			containerPortal = DD7D81A822621EFA00D35D8F /* Project object */;
			proxyType = 1;
			remoteGlobalIDString = DD7D81AF22621EFA00D35D8F;
			remoteInfo = LJXXZYS;
		};
		DD7D81D422621EFC00D35D8F /* PBXContainerItemProxy */ = {
			isa = PBXContainerItemProxy;
			containerPortal = DD7D81A822621EFA00D35D8F /* Project object */;
			proxyType = 1;
			remoteGlobalIDString = DD7D81AF22621EFA00D35D8F;
			remoteInfo = LJXXZYS;
		};
/* End PBXContainerItemProxy section */

/* Begin PBXFileReference section */
		00470D992264669C002B040F /* LJXRequestTool.h */ = {isa = PBXFileReference; fileEncoding = 4; lastKnownFileType = sourcecode.c.h; path = LJXRequestTool.h; sourceTree = "<group>"; };
		00470D9A2264669C002B040F /* LJXRequestTool.m */ = {isa = PBXFileReference; fileEncoding = 4; lastKnownFileType = sourcecode.c.objc; path = LJXRequestTool.m; sourceTree = "<group>"; };
		00470D9C226468AF002B040F /* XZ_Model.h */ = {isa = PBXFileReference; lastKnownFileType = sourcecode.c.h; path = XZ_Model.h; sourceTree = "<group>"; };
		00470D9D226468AF002B040F /* XZ_Model.m */ = {isa = PBXFileReference; lastKnownFileType = sourcecode.c.objc; path = XZ_Model.m; sourceTree = "<group>"; };
		00470D9F22647AC8002B040F /* XZ_WeekViewController.h */ = {isa = PBXFileReference; lastKnownFileType = sourcecode.c.h; path = XZ_WeekViewController.h; sourceTree = "<group>"; };
		00470DA022647AC8002B040F /* XZ_WeekViewController.m */ = {isa = PBXFileReference; lastKnownFileType = sourcecode.c.objc; path = XZ_WeekViewController.m; sourceTree = "<group>"; };
		00470DA222647DAE002B040F /* XZ_WeekCell.h */ = {isa = PBXFileReference; lastKnownFileType = sourcecode.c.h; path = XZ_WeekCell.h; sourceTree = "<group>"; };
		00470DA322647DAE002B040F /* XZ_WeekCell.m */ = {isa = PBXFileReference; lastKnownFileType = sourcecode.c.objc; path = XZ_WeekCell.m; sourceTree = "<group>"; };
		00470DA522648D60002B040F /* XZ_YearModel.h */ = {isa = PBXFileReference; lastKnownFileType = sourcecode.c.h; path = XZ_YearModel.h; sourceTree = "<group>"; };
		00470DA622648D60002B040F /* XZ_YearModel.m */ = {isa = PBXFileReference; lastKnownFileType = sourcecode.c.objc; path = XZ_YearModel.m; sourceTree = "<group>"; };
		00470DB722649223002B040F /* XZ_YearViewController.h */ = {isa = PBXFileReference; lastKnownFileType = sourcecode.c.h; path = XZ_YearViewController.h; sourceTree = "<group>"; };
		00470DB822649223002B040F /* XZ_YearViewController.m */ = {isa = PBXFileReference; lastKnownFileType = sourcecode.c.objc; path = XZ_YearViewController.m; sourceTree = "<group>"; };
		00470DC12264A51F002B040F /* XZ_YearCell.h */ = {isa = PBXFileReference; lastKnownFileType = sourcecode.c.h; path = XZ_YearCell.h; sourceTree = "<group>"; };
		00470DC22264A51F002B040F /* XZ_YearCell.m */ = {isa = PBXFileReference; lastKnownFileType = sourcecode.c.objc; path = XZ_YearCell.m; sourceTree = "<group>"; };
		00470DC62265817E002B040F /* APPRootViewController.h */ = {isa = PBXFileReference; lastKnownFileType = sourcecode.c.h; path = APPRootViewController.h; sourceTree = "<group>"; };
		00470DC72265817E002B040F /* APPRootViewController.m */ = {isa = PBXFileReference; lastKnownFileType = sourcecode.c.objc; path = APPRootViewController.m; sourceTree = "<group>"; };
		00470DC9226586EA002B040F /* QQSearchViewController.h */ = {isa = PBXFileReference; lastKnownFileType = sourcecode.c.h; path = QQSearchViewController.h; sourceTree = "<group>"; };
		00470DCA226586EA002B040F /* QQSearchViewController.m */ = {isa = PBXFileReference; lastKnownFileType = sourcecode.c.objc; path = QQSearchViewController.m; sourceTree = "<group>"; };
		00470DCC22658D75002B040F /* QQTestViewController.h */ = {isa = PBXFileReference; lastKnownFileType = sourcecode.c.h; path = QQTestViewController.h; sourceTree = "<group>"; };
		00470DCD22658D75002B040F /* QQTestViewController.m */ = {isa = PBXFileReference; lastKnownFileType = sourcecode.c.objc; path = QQTestViewController.m; sourceTree = "<group>"; };
		00470DCF22659861002B040F /* QQModel.h */ = {isa = PBXFileReference; lastKnownFileType = sourcecode.c.h; path = QQModel.h; sourceTree = "<group>"; };
		00470DD022659861002B040F /* QQModel.m */ = {isa = PBXFileReference; lastKnownFileType = sourcecode.c.objc; path = QQModel.m; sourceTree = "<group>"; };
		00470DD222659984002B040F /* QQTestCell.h */ = {isa = PBXFileReference; lastKnownFileType = sourcecode.c.h; path = QQTestCell.h; sourceTree = "<group>"; };
		00470DD322659984002B040F /* QQTestCell.m */ = {isa = PBXFileReference; lastKnownFileType = sourcecode.c.objc; path = QQTestCell.m; sourceTree = "<group>"; };
		00470DD62265A4E4002B040F /* TodayViewController.h */ = {isa = PBXFileReference; lastKnownFileType = sourcecode.c.h; path = TodayViewController.h; sourceTree = "<group>"; };
		00470DD72265A4E4002B040F /* TodayViewController.m */ = {isa = PBXFileReference; lastKnownFileType = sourcecode.c.objc; path = TodayViewController.m; sourceTree = "<group>"; };
		00470DD92265A9AF002B040F /* TodayUnderstandViewController.h */ = {isa = PBXFileReference; lastKnownFileType = sourcecode.c.h; path = TodayUnderstandViewController.h; sourceTree = "<group>"; };
		00470DDA2265A9AF002B040F /* TodayUnderstandViewController.m */ = {isa = PBXFileReference; lastKnownFileType = sourcecode.c.objc; path = TodayUnderstandViewController.m; sourceTree = "<group>"; };
		00470DDC2265AA35002B040F /* TodayCell.h */ = {isa = PBXFileReference; lastKnownFileType = sourcecode.c.h; path = TodayCell.h; sourceTree = "<group>"; };
		00470DDD2265AA35002B040F /* TodayCell.m */ = {isa = PBXFileReference; lastKnownFileType = sourcecode.c.objc; path = TodayCell.m; sourceTree = "<group>"; };
		00470DDF2265ABD3002B040F /* TodayModel.h */ = {isa = PBXFileReference; lastKnownFileType = sourcecode.c.h; path = TodayModel.h; sourceTree = "<group>"; };
		00470DE02265ABD3002B040F /* TodayModel.m */ = {isa = PBXFileReference; lastKnownFileType = sourcecode.c.objc; path = TodayModel.m; sourceTree = "<group>"; };
		00470DE42265CCC0002B040F /* Gradient.h */ = {isa = PBXFileReference; lastKnownFileType = sourcecode.c.h; path = Gradient.h; sourceTree = "<group>"; };
		00470DE52265CCC0002B040F /* Gradient.m */ = {isa = PBXFileReference; lastKnownFileType = sourcecode.c.objc; path = Gradient.m; sourceTree = "<group>"; };
		00470DE72265DA65002B040F /* OtherViewController.m */ = {isa = PBXFileReference; fileEncoding = 4; lastKnownFileType = sourcecode.c.objc; path = OtherViewController.m; sourceTree = "<group>"; };
		00470DE82265DA65002B040F /* OtherViewController.h */ = {isa = PBXFileReference; fileEncoding = 4; lastKnownFileType = sourcecode.c.h; path = OtherViewController.h; sourceTree = "<group>"; };
		00470E0C226D8BDD002B040F /* MMDrawerBarButtonItem.m */ = {isa = PBXFileReference; fileEncoding = 4; lastKnownFileType = sourcecode.c.objc; path = MMDrawerBarButtonItem.m; sourceTree = "<group>"; };
		00470E0D226D8BDD002B040F /* UIViewController+MMDrawerController.m */ = {isa = PBXFileReference; fileEncoding = 4; lastKnownFileType = sourcecode.c.objc; path = "UIViewController+MMDrawerController.m"; sourceTree = "<group>"; };
		00470E0E226D8BDD002B040F /* MMExampleDrawerVisualStateManager.h */ = {isa = PBXFileReference; fileEncoding = 4; lastKnownFileType = sourcecode.c.h; path = MMExampleDrawerVisualStateManager.h; sourceTree = "<group>"; };
		00470E0F226D8BDD002B040F /* MMDrawerController.m */ = {isa = PBXFileReference; fileEncoding = 4; lastKnownFileType = sourcecode.c.objc; path = MMDrawerController.m; sourceTree = "<group>"; };
		00470E10226D8BDD002B040F /* MMDrawerController+Subclass.h */ = {isa = PBXFileReference; fileEncoding = 4; lastKnownFileType = sourcecode.c.h; path = "MMDrawerController+Subclass.h"; sourceTree = "<group>"; };
		00470E11226D8BDD002B040F /* MMDrawerVisualState.h */ = {isa = PBXFileReference; fileEncoding = 4; lastKnownFileType = sourcecode.c.h; path = MMDrawerVisualState.h; sourceTree = "<group>"; };
		00470E12226D8BDD002B040F /* MMDrawerBarButtonItem.h */ = {isa = PBXFileReference; fileEncoding = 4; lastKnownFileType = sourcecode.c.h; path = MMDrawerBarButtonItem.h; sourceTree = "<group>"; };
		00470E13226D8BDD002B040F /* UIViewController+MMDrawerController.h */ = {isa = PBXFileReference; fileEncoding = 4; lastKnownFileType = sourcecode.c.h; path = "UIViewController+MMDrawerController.h"; sourceTree = "<group>"; };
		00470E14226D8BDD002B040F /* MMDrawerVisualState.m */ = {isa = PBXFileReference; fileEncoding = 4; lastKnownFileType = sourcecode.c.objc; path = MMDrawerVisualState.m; sourceTree = "<group>"; };
		00470E15226D8BDD002B040F /* MMDrawerController.h */ = {isa = PBXFileReference; fileEncoding = 4; lastKnownFileType = sourcecode.c.h; path = MMDrawerController.h; sourceTree = "<group>"; };
		00470E16226D8BDD002B040F /* MMExampleDrawerVisualStateManager.m */ = {isa = PBXFileReference; fileEncoding = 4; lastKnownFileType = sourcecode.c.objc; path = MMExampleDrawerVisualStateManager.m; sourceTree = "<group>"; };
		00470E1C226D8BF5002B040F /* LeftController.m */ = {isa = PBXFileReference; fileEncoding = 4; lastKnownFileType = sourcecode.c.objc; path = LeftController.m; sourceTree = "<group>"; };
		00470E1D226D8BF6002B040F /* LeftController.h */ = {isa = PBXFileReference; fileEncoding = 4; lastKnownFileType = sourcecode.c.h; path = LeftController.h; sourceTree = "<group>"; };
		00470E20226D9A39002B040F /* LJX_LoginViewController.h */ = {isa = PBXFileReference; fileEncoding = 4; lastKnownFileType = sourcecode.c.h; path = LJX_LoginViewController.h; sourceTree = "<group>"; };
		00470E21226D9A39002B040F /* LJX_LoginViewController.m */ = {isa = PBXFileReference; fileEncoding = 4; lastKnownFileType = sourcecode.c.objc; path = LJX_LoginViewController.m; sourceTree = "<group>"; };
		00470E22226D9A3A002B040F /* LJX_RegistViewController.h */ = {isa = PBXFileReference; fileEncoding = 4; lastKnownFileType = sourcecode.c.h; path = LJX_RegistViewController.h; sourceTree = "<group>"; };
		00470E23226D9A3A002B040F /* LJX_RegistViewController.m */ = {isa = PBXFileReference; fileEncoding = 4; lastKnownFileType = sourcecode.c.objc; path = LJX_RegistViewController.m; sourceTree = "<group>"; };
		00470E28226D9DBA002B040F /* LJX_FeedbackViewController.h */ = {isa = PBXFileReference; fileEncoding = 4; lastKnownFileType = sourcecode.c.h; path = LJX_FeedbackViewController.h; sourceTree = "<group>"; };
		00470E29226D9DBA002B040F /* LJX_FeedbackViewController.m */ = {isa = PBXFileReference; fileEncoding = 4; lastKnownFileType = sourcecode.c.objc; path = LJX_FeedbackViewController.m; sourceTree = "<group>"; };
		00470E2B226DAD11002B040F /* AboutUsViewController.h */ = {isa = PBXFileReference; lastKnownFileType = sourcecode.c.h; path = AboutUsViewController.h; sourceTree = "<group>"; };
		00470E2C226DAD11002B040F /* AboutUsViewController.m */ = {isa = PBXFileReference; lastKnownFileType = sourcecode.c.objc; path = AboutUsViewController.m; sourceTree = "<group>"; };
		00470EB6226F09A1002B040F /* ChildTableViewController.h */ = {isa = PBXFileReference; lastKnownFileType = sourcecode.c.h; path = ChildTableViewController.h; sourceTree = "<group>"; };
		00470EB7226F09A1002B040F /* ChildTableViewController.m */ = {isa = PBXFileReference; lastKnownFileType = sourcecode.c.objc; path = ChildTableViewController.m; sourceTree = "<group>"; };
		00470EB9226F0A7C002B040F /* ChildTableCell.h */ = {isa = PBXFileReference; lastKnownFileType = sourcecode.c.h; path = ChildTableCell.h; sourceTree = "<group>"; };
		00470EBA226F0A7C002B040F /* ChildTableCell.m */ = {isa = PBXFileReference; lastKnownFileType = sourcecode.c.objc; path = ChildTableCell.m; sourceTree = "<group>"; };
		00470EBC226F0B39002B040F /* ChildHeaderView.h */ = {isa = PBXFileReference; lastKnownFileType = sourcecode.c.h; path = ChildHeaderView.h; sourceTree = "<group>"; };
		00470EBD226F0B39002B040F /* ChildHeaderView.m */ = {isa = PBXFileReference; lastKnownFileType = sourcecode.c.objc; path = ChildHeaderView.m; sourceTree = "<group>"; };
		00470EBF226F0D88002B040F /* 向下箭头-4.png */ = {isa = PBXFileReference; lastKnownFileType = image.png; path = "向下箭头-4.png"; sourceTree = "<group>"; };
		00470EC1226F1E56002B040F /* ChildModel.h */ = {isa = PBXFileReference; lastKnownFileType = sourcecode.c.h; path = ChildModel.h; sourceTree = "<group>"; };
		00470EC2226F1E56002B040F /* ChildModel.m */ = {isa = PBXFileReference; lastKnownFileType = sourcecode.c.objc; path = ChildModel.m; sourceTree = "<group>"; };
		00470EC5226FFED3002B040F /* RiddleCategoryViewController.h */ = {isa = PBXFileReference; lastKnownFileType = sourcecode.c.h; path = RiddleCategoryViewController.h; sourceTree = "<group>"; };
		00470EC6226FFED3002B040F /* RiddleCategoryViewController.m */ = {isa = PBXFileReference; lastKnownFileType = sourcecode.c.objc; path = RiddleCategoryViewController.m; sourceTree = "<group>"; };
		00470EC822700272002B040F /* RiddleCategoryModel.h */ = {isa = PBXFileReference; lastKnownFileType = sourcecode.c.h; path = RiddleCategoryModel.h; sourceTree = "<group>"; };
		00470EC922700272002B040F /* RiddleCategoryModel.m */ = {isa = PBXFileReference; lastKnownFileType = sourcecode.c.objc; path = RiddleCategoryModel.m; sourceTree = "<group>"; };
		00470ECB227018A5002B040F /* NoContentView.h */ = {isa = PBXFileReference; lastKnownFileType = sourcecode.c.h; path = NoContentView.h; sourceTree = "<group>"; };
		00470ECC227018A5002B040F /* NoContentView.m */ = {isa = PBXFileReference; lastKnownFileType = sourcecode.c.objc; path = NoContentView.m; sourceTree = "<group>"; };
		00470ECE227021C4002B040F /* UIView+Extension.h */ = {isa = PBXFileReference; fileEncoding = 4; lastKnownFileType = sourcecode.c.h; path = "UIView+Extension.h"; sourceTree = "<group>"; };
		00470ECF227021C4002B040F /* UIView+Extension.m */ = {isa = PBXFileReference; fileEncoding = 4; lastKnownFileType = sourcecode.c.objc; path = "UIView+Extension.m"; sourceTree = "<group>"; };
		11F443C1549827D1A4F34C33 /* libPods-LJXXZYS.a */ = {isa = PBXFileReference; explicitFileType = archive.ar; includeInIndex = 0; path = "libPods-LJXXZYS.a"; sourceTree = BUILT_PRODUCTS_DIR; };
		70FB842809F1647E62E03156 /* Pods-LJXXZYS.debug.xcconfig */ = {isa = PBXFileReference; includeInIndex = 1; lastKnownFileType = text.xcconfig; name = "Pods-LJXXZYS.debug.xcconfig"; path = "Target Support Files/Pods-LJXXZYS/Pods-LJXXZYS.debug.xcconfig"; sourceTree = "<group>"; };
		8BBC8449D9BA39F37429D016 /* Pods-LJXXZYS.release.xcconfig */ = {isa = PBXFileReference; includeInIndex = 1; lastKnownFileType = text.xcconfig; name = "Pods-LJXXZYS.release.xcconfig"; path = "Target Support Files/Pods-LJXXZYS/Pods-LJXXZYS.release.xcconfig"; sourceTree = "<group>"; };
		DD7D81B022621EFA00D35D8F /* LJXXZYS.app */ = {isa = PBXFileReference; explicitFileType = wrapper.application; includeInIndex = 0; path = LJXXZYS.app; sourceTree = BUILT_PRODUCTS_DIR; };
		DD7D81B322621EFA00D35D8F /* AppDelegate.h */ = {isa = PBXFileReference; lastKnownFileType = sourcecode.c.h; path = AppDelegate.h; sourceTree = "<group>"; };
		DD7D81B422621EFA00D35D8F /* AppDelegate.m */ = {isa = PBXFileReference; lastKnownFileType = sourcecode.c.objc; path = AppDelegate.m; sourceTree = "<group>"; };
		DD7D81B622621EFA00D35D8F /* ViewController.h */ = {isa = PBXFileReference; lastKnownFileType = sourcecode.c.h; path = ViewController.h; sourceTree = "<group>"; };
		DD7D81B722621EFA00D35D8F /* ViewController.m */ = {isa = PBXFileReference; lastKnownFileType = sourcecode.c.objc; path = ViewController.m; sourceTree = "<group>"; };
		DD7D81BA22621EFA00D35D8F /* Base */ = {isa = PBXFileReference; lastKnownFileType = file.storyboard; name = Base; path = Base.lproj/Main.storyboard; sourceTree = "<group>"; };
		DD7D81BC22621EFC00D35D8F /* Assets.xcassets */ = {isa = PBXFileReference; lastKnownFileType = folder.assetcatalog; path = Assets.xcassets; sourceTree = "<group>"; };
		DD7D81C122621EFC00D35D8F /* Info.plist */ = {isa = PBXFileReference; lastKnownFileType = text.plist.xml; path = Info.plist; sourceTree = "<group>"; };
		DD7D81C222621EFC00D35D8F /* main.m */ = {isa = PBXFileReference; lastKnownFileType = sourcecode.c.objc; path = main.m; sourceTree = "<group>"; };
		DD7D81C822621EFC00D35D8F /* LJXXZYSTests.xctest */ = {isa = PBXFileReference; explicitFileType = wrapper.cfbundle; includeInIndex = 0; path = LJXXZYSTests.xctest; sourceTree = BUILT_PRODUCTS_DIR; };
		DD7D81CC22621EFC00D35D8F /* LJXXZYSTests.m */ = {isa = PBXFileReference; lastKnownFileType = sourcecode.c.objc; path = LJXXZYSTests.m; sourceTree = "<group>"; };
		DD7D81CE22621EFC00D35D8F /* Info.plist */ = {isa = PBXFileReference; lastKnownFileType = text.plist.xml; path = Info.plist; sourceTree = "<group>"; };
		DD7D81D322621EFC00D35D8F /* LJXXZYSUITests.xctest */ = {isa = PBXFileReference; explicitFileType = wrapper.cfbundle; includeInIndex = 0; path = LJXXZYSUITests.xctest; sourceTree = BUILT_PRODUCTS_DIR; };
		DD7D81D722621EFC00D35D8F /* LJXXZYSUITests.m */ = {isa = PBXFileReference; lastKnownFileType = sourcecode.c.objc; path = LJXXZYSUITests.m; sourceTree = "<group>"; };
		DD7D81D922621EFC00D35D8F /* Info.plist */ = {isa = PBXFileReference; lastKnownFileType = text.plist.xml; path = Info.plist; sourceTree = "<group>"; };
		DD7D81E522621F1000D35D8F /* XZ_RootViewController.h */ = {isa = PBXFileReference; lastKnownFileType = sourcecode.c.h; path = XZ_RootViewController.h; sourceTree = "<group>"; };
		DD7D81E622621F1000D35D8F /* XZ_RootViewController.m */ = {isa = PBXFileReference; lastKnownFileType = sourcecode.c.objc; path = XZ_RootViewController.m; sourceTree = "<group>"; };
		DD7D81E822621F2000D35D8F /* xingzuo.jpg */ = {isa = PBXFileReference; lastKnownFileType = image.jpeg; path = xingzuo.jpg; sourceTree = "<group>"; };
		DD7D81EA2262203000D35D8F /* PrefixHeader.pch */ = {isa = PBXFileReference; lastKnownFileType = sourcecode.c.h; path = PrefixHeader.pch; sourceTree = "<group>"; };
		DD7D81EB2262248B00D35D8F /* XZ_CollectionCell.h */ = {isa = PBXFileReference; lastKnownFileType = sourcecode.c.h; path = XZ_CollectionCell.h; sourceTree = "<group>"; };
		DD7D81EC2262248B00D35D8F /* XZ_CollectionCell.m */ = {isa = PBXFileReference; lastKnownFileType = sourcecode.c.objc; path = XZ_CollectionCell.m; sourceTree = "<group>"; };
		DD7D81EF2262291300D35D8F /* cn.jpg */ = {isa = PBXFileReference; lastKnownFileType = image.jpeg; path = cn.jpg; sourceTree = "<group>"; };
		DD7D81F02262291300D35D8F /* shuangzi.jpg */ = {isa = PBXFileReference; lastKnownFileType = image.jpeg; path = shuangzi.jpg; sourceTree = "<group>"; };
		DD7D81F12262291300D35D8F /* tc.jpg */ = {isa = PBXFileReference; lastKnownFileType = image.jpeg; path = tc.jpg; sourceTree = "<group>"; };
		DD7D81F22262291300D35D8F /* by.png */ = {isa = PBXFileReference; lastKnownFileType = image.png; path = by.png; sourceTree = "<group>"; };
		DD7D81F42262291300D35D8F /* ss.jpg */ = {isa = PBXFileReference; lastKnownFileType = image.jpeg; path = ss.jpg; sourceTree = "<group>"; };
		DD7D81F52262291300D35D8F /* sy.jpg */ = {isa = PBXFileReference; lastKnownFileType = image.jpeg; path = sy.jpg; sourceTree = "<group>"; };
		DD7D81F62262291300D35D8F /* jn.jpg */ = {isa = PBXFileReference; lastKnownFileType = image.jpeg; path = jn.jpg; sourceTree = "<group>"; };
		DD7D81F72262291300D35D8F /* sz.jpg */ = {isa = PBXFileReference; lastKnownFileType = image.jpeg; path = sz.jpg; sourceTree = "<group>"; };
		DD7D81F82262291300D35D8F /* jx.jpg */ = {isa = PBXFileReference; lastKnownFileType = image.jpeg; path = jx.jpg; sourceTree = "<group>"; };
		DD7D81F92262291300D35D8F /* tx.jpg */ = {isa = PBXFileReference; lastKnownFileType = image.jpeg; path = tx.jpg; sourceTree = "<group>"; };
		DD7D81FA2262291300D35D8F /* mj.jpg */ = {isa = PBXFileReference; lastKnownFileType = image.jpeg; path = mj.jpg; sourceTree = "<group>"; };
		DD7D820722622D3A00D35D8F /* sp.jpg */ = {isa = PBXFileReference; lastKnownFileType = image.jpeg; path = sp.jpg; sourceTree = "<group>"; };
		DD7D820F2262AE3900D35D8F /* XZ_ChooseYSViewController.h */ = {isa = PBXFileReference; lastKnownFileType = sourcecode.c.h; path = XZ_ChooseYSViewController.h; sourceTree = "<group>"; };
		DD7D82102262AE3900D35D8F /* XZ_ChooseYSViewController.m */ = {isa = PBXFileReference; lastKnownFileType = sourcecode.c.objc; path = XZ_ChooseYSViewController.m; sourceTree = "<group>"; };
		DD7D82122262B07900D35D8F /* xzys.jpg */ = {isa = PBXFileReference; lastKnownFileType = image.jpeg; path = xzys.jpg; sourceTree = "<group>"; };
		DD7D82142262B7D900D35D8F /* timg.jpg */ = {isa = PBXFileReference; lastKnownFileType = image.jpeg; path = timg.jpg; sourceTree = "<group>"; };
		DD7D82162262BB4E00D35D8F /* XZ_DayViewController.h */ = {isa = PBXFileReference; lastKnownFileType = sourcecode.c.h; path = XZ_DayViewController.h; sourceTree = "<group>"; };
		DD7D82172262BB4E00D35D8F /* XZ_DayViewController.m */ = {isa = PBXFileReference; lastKnownFileType = sourcecode.c.objc; path = XZ_DayViewController.m; sourceTree = "<group>"; };
		DD7D82192262C49900D35D8F /* XZ_DayCell.h */ = {isa = PBXFileReference; lastKnownFileType = sourcecode.c.h; path = XZ_DayCell.h; sourceTree = "<group>"; };
		DD7D821A2262C49900D35D8F /* XZ_DayCell.m */ = {isa = PBXFileReference; lastKnownFileType = sourcecode.c.objc; path = XZ_DayCell.m; sourceTree = "<group>"; };
		DD7D821C226331F000D35D8F /* Images.xcassets */ = {isa = PBXFileReference; lastKnownFileType = folder.assetcatalog; path = Images.xcassets; sourceTree = "<group>"; };
/* End PBXFileReference section */

/* Begin PBXFrameworksBuildPhase section */
		DD7D81AD22621EFA00D35D8F /* Frameworks */ = {
			isa = PBXFrameworksBuildPhase;
			buildActionMask = 2147483647;
			files = (
				34C1FD672CEF4B97952645C9 /* libPods-LJXXZYS.a in Frameworks */,
			);
			runOnlyForDeploymentPostprocessing = 0;
		};
		DD7D81C522621EFC00D35D8F /* Frameworks */ = {
			isa = PBXFrameworksBuildPhase;
			buildActionMask = 2147483647;
			files = (
			);
			runOnlyForDeploymentPostprocessing = 0;
		};
		DD7D81D022621EFC00D35D8F /* Frameworks */ = {
			isa = PBXFrameworksBuildPhase;
			buildActionMask = 2147483647;
			files = (
			);
			runOnlyForDeploymentPostprocessing = 0;
		};
/* End PBXFrameworksBuildPhase section */

/* Begin PBXGroup section */
		00470DC422658032002B040F /* XZ */ = {
			isa = PBXGroup;
			children = (
				DD7D81EE2262291300D35D8F /* Source */,
				DD7D81E522621F1000D35D8F /* XZ_RootViewController.h */,
				DD7D81E622621F1000D35D8F /* XZ_RootViewController.m */,
				DD7D81EB2262248B00D35D8F /* XZ_CollectionCell.h */,
				DD7D81EC2262248B00D35D8F /* XZ_CollectionCell.m */,
				DD7D820F2262AE3900D35D8F /* XZ_ChooseYSViewController.h */,
				DD7D82102262AE3900D35D8F /* XZ_ChooseYSViewController.m */,
				DD7D82162262BB4E00D35D8F /* XZ_DayViewController.h */,
				DD7D82172262BB4E00D35D8F /* XZ_DayViewController.m */,
				DD7D82192262C49900D35D8F /* XZ_DayCell.h */,
				DD7D821A2262C49900D35D8F /* XZ_DayCell.m */,
				00470D9C226468AF002B040F /* XZ_Model.h */,
				00470D9D226468AF002B040F /* XZ_Model.m */,
				00470DB722649223002B040F /* XZ_YearViewController.h */,
				00470DB822649223002B040F /* XZ_YearViewController.m */,
				00470DC12264A51F002B040F /* XZ_YearCell.h */,
				00470DC22264A51F002B040F /* XZ_YearCell.m */,
				00470DA522648D60002B040F /* XZ_YearModel.h */,
				00470DA622648D60002B040F /* XZ_YearModel.m */,
				00470D9F22647AC8002B040F /* XZ_WeekViewController.h */,
				00470DA022647AC8002B040F /* XZ_WeekViewController.m */,
				00470DA222647DAE002B040F /* XZ_WeekCell.h */,
				00470DA322647DAE002B040F /* XZ_WeekCell.m */,
			);
			path = XZ;
			sourceTree = "<group>";
		};
		00470DC522658150002B040F /* QQ */ = {
			isa = PBXGroup;
			children = (
				00470DC9226586EA002B040F /* QQSearchViewController.h */,
				00470DCA226586EA002B040F /* QQSearchViewController.m */,
				00470DCC22658D75002B040F /* QQTestViewController.h */,
				00470DCD22658D75002B040F /* QQTestViewController.m */,
				00470DCF22659861002B040F /* QQModel.h */,
				00470DD022659861002B040F /* QQModel.m */,
				00470DD222659984002B040F /* QQTestCell.h */,
				00470DD322659984002B040F /* QQTestCell.m */,
			);
			path = QQ;
			sourceTree = "<group>";
		};
		00470DD52265A258002B040F /* Today */ = {
			isa = PBXGroup;
			children = (
				00470DD62265A4E4002B040F /* TodayViewController.h */,
				00470DD72265A4E4002B040F /* TodayViewController.m */,
				00470DD92265A9AF002B040F /* TodayUnderstandViewController.h */,
				00470DDA2265A9AF002B040F /* TodayUnderstandViewController.m */,
				00470DDC2265AA35002B040F /* TodayCell.h */,
				00470DDD2265AA35002B040F /* TodayCell.m */,
				00470DDF2265ABD3002B040F /* TodayModel.h */,
				00470DE02265ABD3002B040F /* TodayModel.m */,
			);
			path = Today;
			sourceTree = "<group>";
		};
		00470E0B226D8BDD002B040F /* MMDrawerController */ = {
			isa = PBXGroup;
			children = (
				00470E10226D8BDD002B040F /* MMDrawerController+Subclass.h */,
				00470E12226D8BDD002B040F /* MMDrawerBarButtonItem.h */,
				00470E0C226D8BDD002B040F /* MMDrawerBarButtonItem.m */,
				00470E13226D8BDD002B040F /* UIViewController+MMDrawerController.h */,
				00470E0D226D8BDD002B040F /* UIViewController+MMDrawerController.m */,
				00470E0E226D8BDD002B040F /* MMExampleDrawerVisualStateManager.h */,
				00470E16226D8BDD002B040F /* MMExampleDrawerVisualStateManager.m */,
				00470E15226D8BDD002B040F /* MMDrawerController.h */,
				00470E0F226D8BDD002B040F /* MMDrawerController.m */,
				00470E11226D8BDD002B040F /* MMDrawerVisualState.h */,
				00470E14226D8BDD002B040F /* MMDrawerVisualState.m */,
			);
			path = MMDrawerController;
			sourceTree = "<group>";
		};
		00470E1F226D9A16002B040F /* Login */ = {
			isa = PBXGroup;
			children = (
				00470E20226D9A39002B040F /* LJX_LoginViewController.h */,
				00470E21226D9A39002B040F /* LJX_LoginViewController.m */,
				00470E22226D9A3A002B040F /* LJX_RegistViewController.h */,
				00470E23226D9A3A002B040F /* LJX_RegistViewController.m */,
			);
			path = Login;
			sourceTree = "<group>";
		};
		00470E26226D9D99002B040F /* FeedBack */ = {
			isa = PBXGroup;
			children = (
				00470E28226D9DBA002B040F /* LJX_FeedbackViewController.h */,
				00470E29226D9DBA002B040F /* LJX_FeedbackViewController.m */,
			);
			path = FeedBack;
			sourceTree = "<group>";
		};
		00470E27226D9DA5002B040F /* AboutUs */ = {
			isa = PBXGroup;
			children = (
				00470E2B226DAD11002B040F /* AboutUsViewController.h */,
				00470E2C226DAD11002B040F /* AboutUsViewController.m */,
			);
			path = AboutUs;
			sourceTree = "<group>";
		};
		00470EC4226FFE81002B040F /* Riddle */ = {
			isa = PBXGroup;
			children = (
				00470EC5226FFED3002B040F /* RiddleCategoryViewController.h */,
				00470EC6226FFED3002B040F /* RiddleCategoryViewController.m */,
				00470EC822700272002B040F /* RiddleCategoryModel.h */,
				00470EC922700272002B040F /* RiddleCategoryModel.m */,
				00470ECB227018A5002B040F /* NoContentView.h */,
				00470ECC227018A5002B040F /* NoContentView.m */,
			);
			path = Riddle;
			sourceTree = "<group>";
		};
		2059DF7E0A3F11185D595630 /* Frameworks */ = {
			isa = PBXGroup;
			children = (
				11F443C1549827D1A4F34C33 /* libPods-LJXXZYS.a */,
			);
			name = Frameworks;
			sourceTree = "<group>";
		};
		D4D868323F6D60CFFF0504F7 /* Pods */ = {
			isa = PBXGroup;
			children = (
				70FB842809F1647E62E03156 /* Pods-LJXXZYS.debug.xcconfig */,
				8BBC8449D9BA39F37429D016 /* Pods-LJXXZYS.release.xcconfig */,
			);
			path = Pods;
			sourceTree = "<group>";
		};
		DD7D81A722621EFA00D35D8F = {
			isa = PBXGroup;
			children = (
				DD7D81B222621EFA00D35D8F /* LJXXZYS */,
				DD7D81CB22621EFC00D35D8F /* LJXXZYSTests */,
				DD7D81D622621EFC00D35D8F /* LJXXZYSUITests */,
				DD7D81B122621EFA00D35D8F /* Products */,
				D4D868323F6D60CFFF0504F7 /* Pods */,
				2059DF7E0A3F11185D595630 /* Frameworks */,
			);
			sourceTree = "<group>";
		};
		DD7D81B122621EFA00D35D8F /* Products */ = {
			isa = PBXGroup;
			children = (
				DD7D81B022621EFA00D35D8F /* LJXXZYS.app */,
				DD7D81C822621EFC00D35D8F /* LJXXZYSTests.xctest */,
				DD7D81D322621EFC00D35D8F /* LJXXZYSUITests.xctest */,
			);
			name = Products;
			sourceTree = "<group>";
		};
		DD7D81B222621EFA00D35D8F /* LJXXZYS */ = {
			isa = PBXGroup;
			children = (
				00470EC4226FFE81002B040F /* Riddle */,
				00470E1F226D9A16002B040F /* Login */,
				00470E0B226D8BDD002B040F /* MMDrawerController */,
				00470DD52265A258002B040F /* Today */,
				00470DC522658150002B040F /* QQ */,
				00470DC422658032002B040F /* XZ */,
				00470E26226D9D99002B040F /* FeedBack */,
				00470E27226D9DA5002B040F /* AboutUs */,
				00470D992264669C002B040F /* LJXRequestTool.h */,
				00470D9A2264669C002B040F /* LJXRequestTool.m */,
				DD7D81B322621EFA00D35D8F /* AppDelegate.h */,
				DD7D81B422621EFA00D35D8F /* AppDelegate.m */,
				DD7D81B622621EFA00D35D8F /* ViewController.h */,
				DD7D81B722621EFA00D35D8F /* ViewController.m */,
				00470DC62265817E002B040F /* APPRootViewController.h */,
				00470DC72265817E002B040F /* APPRootViewController.m */,
				00470DE42265CCC0002B040F /* Gradient.h */,
				00470DE52265CCC0002B040F /* Gradient.m */,
				00470DE82265DA65002B040F /* OtherViewController.h */,
				00470DE72265DA65002B040F /* OtherViewController.m */,
				00470E1D226D8BF6002B040F /* LeftController.h */,
				00470E1C226D8BF5002B040F /* LeftController.m */,
				00470EB6226F09A1002B040F /* ChildTableViewController.h */,
				00470EB7226F09A1002B040F /* ChildTableViewController.m */,
				00470EBC226F0B39002B040F /* ChildHeaderView.h */,
				00470EBD226F0B39002B040F /* ChildHeaderView.m */,
				00470EB9226F0A7C002B040F /* ChildTableCell.h */,
				00470EBA226F0A7C002B040F /* ChildTableCell.m */,
				00470EC1226F1E56002B040F /* ChildModel.h */,
				00470EC2226F1E56002B040F /* ChildModel.m */,
				00470ECE227021C4002B040F /* UIView+Extension.h */,
				00470ECF227021C4002B040F /* UIView+Extension.m */,
				00470EBF226F0D88002B040F /* 向下箭头-4.png */,
				DD7D81B922621EFA00D35D8F /* Main.storyboard */,
				DD7D81BC22621EFC00D35D8F /* Assets.xcassets */,
				DD7D81C122621EFC00D35D8F /* Info.plist */,
				DD7D81C222621EFC00D35D8F /* main.m */,
				DD7D81EA2262203000D35D8F /* PrefixHeader.pch */,
				DD7D821C226331F000D35D8F /* Images.xcassets */,
			);
			path = LJXXZYS;
			sourceTree = "<group>";
		};
		DD7D81CB22621EFC00D35D8F /* LJXXZYSTests */ = {
			isa = PBXGroup;
			children = (
				DD7D81CC22621EFC00D35D8F /* LJXXZYSTests.m */,
				DD7D81CE22621EFC00D35D8F /* Info.plist */,
			);
			path = LJXXZYSTests;
			sourceTree = "<group>";
		};
		DD7D81D622621EFC00D35D8F /* LJXXZYSUITests */ = {
			isa = PBXGroup;
			children = (
				DD7D81D722621EFC00D35D8F /* LJXXZYSUITests.m */,
				DD7D81D922621EFC00D35D8F /* Info.plist */,
			);
			path = LJXXZYSUITests;
			sourceTree = "<group>";
		};
		DD7D81EE2262291300D35D8F /* Source */ = {
			isa = PBXGroup;
			children = (
				DD7D82142262B7D900D35D8F /* timg.jpg */,
				DD7D82122262B07900D35D8F /* xzys.jpg */,
				DD7D81E822621F2000D35D8F /* xingzuo.jpg */,
				DD7D81EF2262291300D35D8F /* cn.jpg */,
				DD7D81F02262291300D35D8F /* shuangzi.jpg */,
				DD7D81F12262291300D35D8F /* tc.jpg */,
				DD7D81F22262291300D35D8F /* by.png */,
				DD7D81F42262291300D35D8F /* ss.jpg */,
				DD7D81F52262291300D35D8F /* sy.jpg */,
				DD7D81F62262291300D35D8F /* jn.jpg */,
				DD7D820722622D3A00D35D8F /* sp.jpg */,
				DD7D81F72262291300D35D8F /* sz.jpg */,
				DD7D81F82262291300D35D8F /* jx.jpg */,
				DD7D81F92262291300D35D8F /* tx.jpg */,
				DD7D81FA2262291300D35D8F /* mj.jpg */,
			);
			path = Source;
			sourceTree = "<group>";
		};
/* End PBXGroup section */

/* Begin PBXNativeTarget section */
		DD7D81AF22621EFA00D35D8F /* LJXXZYS */ = {
			isa = PBXNativeTarget;
			buildConfigurationList = DD7D81DC22621EFC00D35D8F /* Build configuration list for PBXNativeTarget "LJXXZYS" */;
			buildPhases = (
				8CB8147BE50E9CA1F3C27CCC /* [CP] Check Pods Manifest.lock */,
				DD7D81AC22621EFA00D35D8F /* Sources */,
				DD7D81AD22621EFA00D35D8F /* Frameworks */,
				DD7D81AE22621EFA00D35D8F /* Resources */,
				D173D60BBFFEE892E9ACC974 /* [CP] Copy Pods Resources */,
			);
			buildRules = (
			);
			dependencies = (
			);
			name = LJXXZYS;
			productName = LJXXZYS;
			productReference = DD7D81B022621EFA00D35D8F /* LJXXZYS.app */;
			productType = "com.apple.product-type.application";
		};
		DD7D81C722621EFC00D35D8F /* LJXXZYSTests */ = {
			isa = PBXNativeTarget;
			buildConfigurationList = DD7D81DF22621EFC00D35D8F /* Build configuration list for PBXNativeTarget "LJXXZYSTests" */;
			buildPhases = (
				DD7D81C422621EFC00D35D8F /* Sources */,
				DD7D81C522621EFC00D35D8F /* Frameworks */,
				DD7D81C622621EFC00D35D8F /* Resources */,
			);
			buildRules = (
			);
			dependencies = (
				DD7D81CA22621EFC00D35D8F /* PBXTargetDependency */,
			);
			name = LJXXZYSTests;
			productName = LJXXZYSTests;
			productReference = DD7D81C822621EFC00D35D8F /* LJXXZYSTests.xctest */;
			productType = "com.apple.product-type.bundle.unit-test";
		};
		DD7D81D222621EFC00D35D8F /* LJXXZYSUITests */ = {
			isa = PBXNativeTarget;
			buildConfigurationList = DD7D81E222621EFC00D35D8F /* Build configuration list for PBXNativeTarget "LJXXZYSUITests" */;
			buildPhases = (
				DD7D81CF22621EFC00D35D8F /* Sources */,
				DD7D81D022621EFC00D35D8F /* Frameworks */,
				DD7D81D122621EFC00D35D8F /* Resources */,
			);
			buildRules = (
			);
			dependencies = (
				DD7D81D522621EFC00D35D8F /* PBXTargetDependency */,
			);
			name = LJXXZYSUITests;
			productName = LJXXZYSUITests;
			productReference = DD7D81D322621EFC00D35D8F /* LJXXZYSUITests.xctest */;
			productType = "com.apple.product-type.bundle.ui-testing";
		};
/* End PBXNativeTarget section */

/* Begin PBXProject section */
		DD7D81A822621EFA00D35D8F /* Project object */ = {
			isa = PBXProject;
			attributes = {
				LastUpgradeCheck = 0930;
				ORGANIZATIONNAME = "栾金鑫";
				TargetAttributes = {
					DD7D81AF22621EFA00D35D8F = {
						CreatedOnToolsVersion = 9.3;
					};
					DD7D81C722621EFC00D35D8F = {
						CreatedOnToolsVersion = 9.3;
						TestTargetID = DD7D81AF22621EFA00D35D8F;
					};
					DD7D81D222621EFC00D35D8F = {
						CreatedOnToolsVersion = 9.3;
						TestTargetID = DD7D81AF22621EFA00D35D8F;
					};
				};
			};
			buildConfigurationList = DD7D81AB22621EFA00D35D8F /* Build configuration list for PBXProject "LJXXZYS" */;
			compatibilityVersion = "Xcode 9.3";
			developmentRegion = en;
			hasScannedForEncodings = 0;
			knownRegions = (
				en,
				Base,
			);
			mainGroup = DD7D81A722621EFA00D35D8F;
			productRefGroup = DD7D81B122621EFA00D35D8F /* Products */;
			projectDirPath = "";
			projectRoot = "";
			targets = (
				DD7D81AF22621EFA00D35D8F /* LJXXZYS */,
				DD7D81C722621EFC00D35D8F /* LJXXZYSTests */,
				DD7D81D222621EFC00D35D8F /* LJXXZYSUITests */,
			);
		};
/* End PBXProject section */

/* Begin PBXResourcesBuildPhase section */
		DD7D81AE22621EFA00D35D8F /* Resources */ = {
			isa = PBXResourcesBuildPhase;
			buildActionMask = 2147483647;
			files = (
				DD7D82032262291300D35D8F /* sz.jpg in Resources */,
				DD7D82042262291300D35D8F /* jx.jpg in Resources */,
				DD7D81FB2262291300D35D8F /* cn.jpg in Resources */,
				00470EC0226F0D89002B040F /* 向下箭头-4.png in Resources */,
				DD7D82152262B7D900D35D8F /* timg.jpg in Resources */,
				DD7D81BD22621EFC00D35D8F /* Assets.xcassets in Resources */,
				DD7D82052262291300D35D8F /* tx.jpg in Resources */,
				DD7D81E922621F2000D35D8F /* xingzuo.jpg in Resources */,
				DD7D82012262291300D35D8F /* sy.jpg in Resources */,
				DD7D820822622D3A00D35D8F /* sp.jpg in Resources */,
				DD7D82022262291300D35D8F /* jn.jpg in Resources */,
				DD7D82132262B07900D35D8F /* xzys.jpg in Resources */,
				DD7D81FE2262291300D35D8F /* by.png in Resources */,
				DD7D82002262291300D35D8F /* ss.jpg in Resources */,
				DD7D81FC2262291300D35D8F /* shuangzi.jpg in Resources */,
				DD7D821D226331F000D35D8F /* Images.xcassets in Resources */,
				DD7D82062262291300D35D8F /* mj.jpg in Resources */,
				DD7D81FD2262291300D35D8F /* tc.jpg in Resources */,
				DD7D81BB22621EFA00D35D8F /* Main.storyboard in Resources */,
			);
			runOnlyForDeploymentPostprocessing = 0;
		};
		DD7D81C622621EFC00D35D8F /* Resources */ = {
			isa = PBXResourcesBuildPhase;
			buildActionMask = 2147483647;
			files = (
			);
			runOnlyForDeploymentPostprocessing = 0;
		};
		DD7D81D122621EFC00D35D8F /* Resources */ = {
			isa = PBXResourcesBuildPhase;
			buildActionMask = 2147483647;
			files = (
			);
			runOnlyForDeploymentPostprocessing = 0;
		};
/* End PBXResourcesBuildPhase section */

/* Begin PBXShellScriptBuildPhase section */
		8CB8147BE50E9CA1F3C27CCC /* [CP] Check Pods Manifest.lock */ = {
			isa = PBXShellScriptBuildPhase;
			buildActionMask = 2147483647;
			files = (
			);
			inputPaths = (
				"${PODS_PODFILE_DIR_PATH}/Podfile.lock",
				"${PODS_ROOT}/Manifest.lock",
			);
			name = "[CP] Check Pods Manifest.lock";
			outputPaths = (
				"$(DERIVED_FILE_DIR)/Pods-LJXXZYS-checkManifestLockResult.txt",
			);
			runOnlyForDeploymentPostprocessing = 0;
			shellPath = /bin/sh;
			shellScript = "diff \"${PODS_PODFILE_DIR_PATH}/Podfile.lock\" \"${PODS_ROOT}/Manifest.lock\" > /dev/null\nif [ $? != 0 ] ; then\n    # print error to STDERR\n    echo \"error: The sandbox is not in sync with the Podfile.lock. Run 'pod install' or update your CocoaPods installation.\" >&2\n    exit 1\nfi\n# This output is used by Xcode 'outputs' to avoid re-running this script phase.\necho \"SUCCESS\" > \"${SCRIPT_OUTPUT_FILE_0}\"\n";
			showEnvVarsInLog = 0;
		};
		D173D60BBFFEE892E9ACC974 /* [CP] Copy Pods Resources */ = {
			isa = PBXShellScriptBuildPhase;
			buildActionMask = 2147483647;
			files = (
			);
			inputPaths = (
				"${PODS_ROOT}/Target Support Files/Pods-LJXXZYS/Pods-LJXXZYS-resources.sh",
				"${PODS_ROOT}/IQKeyboardManager/IQKeyboardManager/Resources/IQKeyboardManager.bundle",
				"${PODS_ROOT}/MJRefresh/MJRefresh/MJRefresh.bundle",
				"${PODS_ROOT}/SVProgressHUD/SVProgressHUD/SVProgressHUD.bundle",
			);
			name = "[CP] Copy Pods Resources";
			outputPaths = (
				"${TARGET_BUILD_DIR}/${UNLOCALIZED_RESOURCES_FOLDER_PATH}/IQKeyboardManager.bundle",
				"${TARGET_BUILD_DIR}/${UNLOCALIZED_RESOURCES_FOLDER_PATH}/MJRefresh.bundle",
				"${TARGET_BUILD_DIR}/${UNLOCALIZED_RESOURCES_FOLDER_PATH}/SVProgressHUD.bundle",
			);
			runOnlyForDeploymentPostprocessing = 0;
			shellPath = /bin/sh;
			shellScript = "\"${PODS_ROOT}/Target Support Files/Pods-LJXXZYS/Pods-LJXXZYS-resources.sh\"\n";
			showEnvVarsInLog = 0;
		};
/* End PBXShellScriptBuildPhase section */

/* Begin PBXSourcesBuildPhase section */
		DD7D81AC22621EFA00D35D8F /* Sources */ = {
			isa = PBXSourcesBuildPhase;
			buildActionMask = 2147483647;
			files = (
				00470E1A226D8BDD002B040F /* MMDrawerVisualState.m in Sources */,
				00470EBE226F0B39002B040F /* ChildHeaderView.m in Sources */,
				00470ED0227021C4002B040F /* UIView+Extension.m in Sources */,
				00470E1B226D8BDD002B040F /* MMExampleDrawerVisualStateManager.m in Sources */,
				00470DD82265A4E4002B040F /* TodayViewController.m in Sources */,
				00470E25226D9A3A002B040F /* LJX_RegistViewController.m in Sources */,
				DD7D81B822621EFA00D35D8F /* ViewController.m in Sources */,
				00470E2A226D9DBA002B040F /* LJX_FeedbackViewController.m in Sources */,
				00470DDB2265A9AF002B040F /* TodayUnderstandViewController.m in Sources */,
				00470DA722648D60002B040F /* XZ_YearModel.m in Sources */,
				00470E2D226DAD11002B040F /* AboutUsViewController.m in Sources */,
				00470E17226D8BDD002B040F /* MMDrawerBarButtonItem.m in Sources */,
				00470E24226D9A3A002B040F /* LJX_LoginViewController.m in Sources */,
				DD7D821B2262C49900D35D8F /* XZ_DayCell.m in Sources */,
				00470DB922649223002B040F /* XZ_YearViewController.m in Sources */,
				00470DA122647AC8002B040F /* XZ_WeekViewController.m in Sources */,
				00470ECA22700272002B040F /* RiddleCategoryModel.m in Sources */,
				DD7D82182262BB4E00D35D8F /* XZ_DayViewController.m in Sources */,
				00470DC82265817E002B040F /* APPRootViewController.m in Sources */,
				00470E19226D8BDD002B040F /* MMDrawerController.m in Sources */,
				00470DE62265CCC0002B040F /* Gradient.m in Sources */,
				00470DDE2265AA35002B040F /* TodayCell.m in Sources */,
				DD7D82112262AE3900D35D8F /* XZ_ChooseYSViewController.m in Sources */,
				DD7D81ED2262248B00D35D8F /* XZ_CollectionCell.m in Sources */,
				00470D9E226468AF002B040F /* XZ_Model.m in Sources */,
				00470DA422647DAE002B040F /* XZ_WeekCell.m in Sources */,
				00470D9B2264669C002B040F /* LJXRequestTool.m in Sources */,
				00470DC32264A51F002B040F /* XZ_YearCell.m in Sources */,
				DD7D81C322621EFC00D35D8F /* main.m in Sources */,
				00470DE12265ABD3002B040F /* TodayModel.m in Sources */,
				00470EBB226F0A7C002B040F /* ChildTableCell.m in Sources */,
				00470DE92265DA65002B040F /* OtherViewController.m in Sources */,
				DD7D81E722621F1000D35D8F /* XZ_RootViewController.m in Sources */,
				DD7D81B522621EFA00D35D8F /* AppDelegate.m in Sources */,
				00470ECD227018A5002B040F /* NoContentView.m in Sources */,
				00470E1E226D8BF6002B040F /* LeftController.m in Sources */,
				00470E18226D8BDD002B040F /* UIViewController+MMDrawerController.m in Sources */,
				00470EC7226FFED3002B040F /* RiddleCategoryViewController.m in Sources */,
				00470DCE22658D75002B040F /* QQTestViewController.m in Sources */,
				00470DD422659984002B040F /* QQTestCell.m in Sources */,
				00470EC3226F1E56002B040F /* ChildModel.m in Sources */,
				00470DCB226586EA002B040F /* QQSearchViewController.m in Sources */,
				00470EB8226F09A1002B040F /* ChildTableViewController.m in Sources */,
				00470DD122659861002B040F /* QQModel.m in Sources */,
			);
			runOnlyForDeploymentPostprocessing = 0;
		};
		DD7D81C422621EFC00D35D8F /* Sources */ = {
			isa = PBXSourcesBuildPhase;
			buildActionMask = 2147483647;
			files = (
				DD7D81CD22621EFC00D35D8F /* LJXXZYSTests.m in Sources */,
			);
			runOnlyForDeploymentPostprocessing = 0;
		};
		DD7D81CF22621EFC00D35D8F /* Sources */ = {
			isa = PBXSourcesBuildPhase;
			buildActionMask = 2147483647;
			files = (
				DD7D81D822621EFC00D35D8F /* LJXXZYSUITests.m in Sources */,
			);
			runOnlyForDeploymentPostprocessing = 0;
		};
/* End PBXSourcesBuildPhase section */

/* Begin PBXTargetDependency section */
		DD7D81CA22621EFC00D35D8F /* PBXTargetDependency */ = {
			isa = PBXTargetDependency;
			target = DD7D81AF22621EFA00D35D8F /* LJXXZYS */;
			targetProxy = DD7D81C922621EFC00D35D8F /* PBXContainerItemProxy */;
		};
		DD7D81D522621EFC00D35D8F /* PBXTargetDependency */ = {
			isa = PBXTargetDependency;
			target = DD7D81AF22621EFA00D35D8F /* LJXXZYS */;
			targetProxy = DD7D81D422621EFC00D35D8F /* PBXContainerItemProxy */;
		};
/* End PBXTargetDependency section */

/* Begin PBXVariantGroup section */
		DD7D81B922621EFA00D35D8F /* Main.storyboard */ = {
			isa = PBXVariantGroup;
			children = (
				DD7D81BA22621EFA00D35D8F /* Base */,
			);
			name = Main.storyboard;
			sourceTree = "<group>";
		};
/* End PBXVariantGroup section */

/* Begin XCBuildConfiguration section */
		DD7D81DA22621EFC00D35D8F /* Debug */ = {
			isa = XCBuildConfiguration;
			buildSettings = {
				ALWAYS_SEARCH_USER_PATHS = NO;
				CLANG_ANALYZER_NONNULL = YES;
				CLANG_ANALYZER_NUMBER_OBJECT_CONVERSION = YES_AGGRESSIVE;
				CLANG_CXX_LANGUAGE_STANDARD = "gnu++14";
				CLANG_CXX_LIBRARY = "libc++";
				CLANG_ENABLE_MODULES = YES;
				CLANG_ENABLE_OBJC_ARC = YES;
				CLANG_ENABLE_OBJC_WEAK = YES;
				CLANG_WARN_BLOCK_CAPTURE_AUTORELEASING = YES;
				CLANG_WARN_BOOL_CONVERSION = YES;
				CLANG_WARN_COMMA = YES;
				CLANG_WARN_CONSTANT_CONVERSION = YES;
				CLANG_WARN_DEPRECATED_OBJC_IMPLEMENTATIONS = YES;
				CLANG_WARN_DIRECT_OBJC_ISA_USAGE = YES_ERROR;
				CLANG_WARN_DOCUMENTATION_COMMENTS = YES;
				CLANG_WARN_EMPTY_BODY = YES;
				CLANG_WARN_ENUM_CONVERSION = YES;
				CLANG_WARN_INFINITE_RECURSION = YES;
				CLANG_WARN_INT_CONVERSION = YES;
				CLANG_WARN_NON_LITERAL_NULL_CONVERSION = YES;
				CLANG_WARN_OBJC_IMPLICIT_RETAIN_SELF = YES;
				CLANG_WARN_OBJC_LITERAL_CONVERSION = YES;
				CLANG_WARN_OBJC_ROOT_CLASS = YES_ERROR;
				CLANG_WARN_RANGE_LOOP_ANALYSIS = YES;
				CLANG_WARN_STRICT_PROTOTYPES = YES;
				CLANG_WARN_SUSPICIOUS_MOVE = YES;
				CLANG_WARN_UNGUARDED_AVAILABILITY = YES_AGGRESSIVE;
				CLANG_WARN_UNREACHABLE_CODE = YES;
				CLANG_WARN__DUPLICATE_METHOD_MATCH = YES;
				CODE_SIGN_IDENTITY = "iPhone Developer";
				COPY_PHASE_STRIP = NO;
				DEBUG_INFORMATION_FORMAT = dwarf;
				ENABLE_STRICT_OBJC_MSGSEND = YES;
				ENABLE_TESTABILITY = YES;
				GCC_C_LANGUAGE_STANDARD = gnu11;
				GCC_DYNAMIC_NO_PIC = NO;
				GCC_NO_COMMON_BLOCKS = YES;
				GCC_OPTIMIZATION_LEVEL = 0;
				GCC_PREPROCESSOR_DEFINITIONS = (
					"DEBUG=1",
					"$(inherited)",
				);
				GCC_WARN_64_TO_32_BIT_CONVERSION = YES;
				GCC_WARN_ABOUT_RETURN_TYPE = YES_ERROR;
				GCC_WARN_UNDECLARED_SELECTOR = YES;
				GCC_WARN_UNINITIALIZED_AUTOS = YES_AGGRESSIVE;
				GCC_WARN_UNUSED_FUNCTION = YES;
				GCC_WARN_UNUSED_VARIABLE = YES;
				IPHONEOS_DEPLOYMENT_TARGET = 11.3;
				MTL_ENABLE_DEBUG_INFO = YES;
				ONLY_ACTIVE_ARCH = YES;
				SDKROOT = iphoneos;
			};
			name = Debug;
		};
		DD7D81DB22621EFC00D35D8F /* Release */ = {
			isa = XCBuildConfiguration;
			buildSettings = {
				ALWAYS_SEARCH_USER_PATHS = NO;
				CLANG_ANALYZER_NONNULL = YES;
				CLANG_ANALYZER_NUMBER_OBJECT_CONVERSION = YES_AGGRESSIVE;
				CLANG_CXX_LANGUAGE_STANDARD = "gnu++14";
				CLANG_CXX_LIBRARY = "libc++";
				CLANG_ENABLE_MODULES = YES;
				CLANG_ENABLE_OBJC_ARC = YES;
				CLANG_ENABLE_OBJC_WEAK = YES;
				CLANG_WARN_BLOCK_CAPTURE_AUTORELEASING = YES;
				CLANG_WARN_BOOL_CONVERSION = YES;
				CLANG_WARN_COMMA = YES;
				CLANG_WARN_CONSTANT_CONVERSION = YES;
				CLANG_WARN_DEPRECATED_OBJC_IMPLEMENTATIONS = YES;
				CLANG_WARN_DIRECT_OBJC_ISA_USAGE = YES_ERROR;
				CLANG_WARN_DOCUMENTATION_COMMENTS = YES;
				CLANG_WARN_EMPTY_BODY = YES;
				CLANG_WARN_ENUM_CONVERSION = YES;
				CLANG_WARN_INFINITE_RECURSION = YES;
				CLANG_WARN_INT_CONVERSION = YES;
				CLANG_WARN_NON_LITERAL_NULL_CONVERSION = YES;
				CLANG_WARN_OBJC_IMPLICIT_RETAIN_SELF = YES;
				CLANG_WARN_OBJC_LITERAL_CONVERSION = YES;
				CLANG_WARN_OBJC_ROOT_CLASS = YES_ERROR;
				CLANG_WARN_RANGE_LOOP_ANALYSIS = YES;
				CLANG_WARN_STRICT_PROTOTYPES = YES;
				CLANG_WARN_SUSPICIOUS_MOVE = YES;
				CLANG_WARN_UNGUARDED_AVAILABILITY = YES_AGGRESSIVE;
				CLANG_WARN_UNREACHABLE_CODE = YES;
				CLANG_WARN__DUPLICATE_METHOD_MATCH = YES;
				CODE_SIGN_IDENTITY = "iPhone Developer";
				COPY_PHASE_STRIP = NO;
				DEBUG_INFORMATION_FORMAT = "dwarf-with-dsym";
				ENABLE_NS_ASSERTIONS = NO;
				ENABLE_STRICT_OBJC_MSGSEND = YES;
				GCC_C_LANGUAGE_STANDARD = gnu11;
				GCC_NO_COMMON_BLOCKS = YES;
				GCC_WARN_64_TO_32_BIT_CONVERSION = YES;
				GCC_WARN_ABOUT_RETURN_TYPE = YES_ERROR;
				GCC_WARN_UNDECLARED_SELECTOR = YES;
				GCC_WARN_UNINITIALIZED_AUTOS = YES_AGGRESSIVE;
				GCC_WARN_UNUSED_FUNCTION = YES;
				GCC_WARN_UNUSED_VARIABLE = YES;
				IPHONEOS_DEPLOYMENT_TARGET = 11.3;
				MTL_ENABLE_DEBUG_INFO = NO;
				SDKROOT = iphoneos;
				VALIDATE_PRODUCT = YES;
			};
			name = Release;
		};
		DD7D81DD22621EFC00D35D8F /* Debug */ = {
			isa = XCBuildConfiguration;
			baseConfigurationReference = 70FB842809F1647E62E03156 /* Pods-LJXXZYS.debug.xcconfig */;
			buildSettings = {
				ASSETCATALOG_COMPILER_APPICON_NAME = AppIcon;
				ASSETCATALOG_COMPILER_LAUNCHIMAGE_NAME = LaunchImage;
				CODE_SIGN_STYLE = Automatic;
				DEVELOPMENT_TEAM = "";
				GCC_PRECOMPILE_PREFIX_HEADER = YES;
				GCC_PREFIX_HEADER = "$(SRCROOT)/LJXXZYS/PrefixHeader.pch";
				INFOPLIST_FILE = LJXXZYS/Info.plist;
				IPHONEOS_DEPLOYMENT_TARGET = 9.0;
				LD_RUNPATH_SEARCH_PATHS = (
					"$(inherited)",
					"@executable_path/Frameworks",
				);
				PRODUCT_BUNDLE_IDENTIFIER = "com.zecaifu-luanjinxin.LJXXZYS";
				PRODUCT_NAME = "$(TARGET_NAME)";
				TARGETED_DEVICE_FAMILY = 1;
			};
			name = Debug;
		};
		DD7D81DE22621EFC00D35D8F /* Release */ = {
			isa = XCBuildConfiguration;
			baseConfigurationReference = 8BBC8449D9BA39F37429D016 /* Pods-LJXXZYS.release.xcconfig */;
			buildSettings = {
				ASSETCATALOG_COMPILER_APPICON_NAME = AppIcon;
				ASSETCATALOG_COMPILER_LAUNCHIMAGE_NAME = LaunchImage;
				CODE_SIGN_STYLE = Automatic;
				DEVELOPMENT_TEAM = "";
				GCC_PRECOMPILE_PREFIX_HEADER = YES;
				GCC_PREFIX_HEADER = "$(SRCROOT)/LJXXZYS/PrefixHeader.pch";
				INFOPLIST_FILE = LJXXZYS/Info.plist;
				IPHONEOS_DEPLOYMENT_TARGET = 9.0;
				LD_RUNPATH_SEARCH_PATHS = (
					"$(inherited)",
					"@executable_path/Frameworks",
				);
				PRODUCT_BUNDLE_IDENTIFIER = "com.zecaifu-luanjinxin.LJXXZYS";
				PRODUCT_NAME = "$(TARGET_NAME)";
				TARGETED_DEVICE_FAMILY = 1;
			};
			name = Release;
		};
		DD7D81E022621EFC00D35D8F /* Debug */ = {
			isa = XCBuildConfiguration;
			buildSettings = {
				BUNDLE_LOADER = "$(TEST_HOST)";
				CODE_SIGN_STYLE = Automatic;
				INFOPLIST_FILE = LJXXZYSTests/Info.plist;
				LD_RUNPATH_SEARCH_PATHS = (
					"$(inherited)",
					"@executable_path/Frameworks",
					"@loader_path/Frameworks",
				);
				PRODUCT_BUNDLE_IDENTIFIER = "com.zecaifu-luanjinxin.LJXXZYSTests";
				PRODUCT_NAME = "$(TARGET_NAME)";
				TARGETED_DEVICE_FAMILY = "1,2";
				TEST_HOST = "$(BUILT_PRODUCTS_DIR)/LJXXZYS.app/LJXXZYS";
			};
			name = Debug;
		};
		DD7D81E122621EFC00D35D8F /* Release */ = {
			isa = XCBuildConfiguration;
			buildSettings = {
				BUNDLE_LOADER = "$(TEST_HOST)";
				CODE_SIGN_STYLE = Automatic;
				INFOPLIST_FILE = LJXXZYSTests/Info.plist;
				LD_RUNPATH_SEARCH_PATHS = (
					"$(inherited)",
					"@executable_path/Frameworks",
					"@loader_path/Frameworks",
				);
				PRODUCT_BUNDLE_IDENTIFIER = "com.zecaifu-luanjinxin.LJXXZYSTests";
				PRODUCT_NAME = "$(TARGET_NAME)";
				TARGETED_DEVICE_FAMILY = "1,2";
				TEST_HOST = "$(BUILT_PRODUCTS_DIR)/LJXXZYS.app/LJXXZYS";
			};
			name = Release;
		};
		DD7D81E322621EFC00D35D8F /* Debug */ = {
			isa = XCBuildConfiguration;
			buildSettings = {
				CODE_SIGN_STYLE = Automatic;
				INFOPLIST_FILE = LJXXZYSUITests/Info.plist;
				LD_RUNPATH_SEARCH_PATHS = (
					"$(inherited)",
					"@executable_path/Frameworks",
					"@loader_path/Frameworks",
				);
				PRODUCT_BUNDLE_IDENTIFIER = "com.zecaifu-luanjinxin.LJXXZYSUITests";
				PRODUCT_NAME = "$(TARGET_NAME)";
				TARGETED_DEVICE_FAMILY = "1,2";
				TEST_TARGET_NAME = LJXXZYS;
			};
			name = Debug;
		};
		DD7D81E422621EFC00D35D8F /* Release */ = {
			isa = XCBuildConfiguration;
			buildSettings = {
				CODE_SIGN_STYLE = Automatic;
				INFOPLIST_FILE = LJXXZYSUITests/Info.plist;
				LD_RUNPATH_SEARCH_PATHS = (
					"$(inherited)",
					"@executable_path/Frameworks",
					"@loader_path/Frameworks",
				);
				PRODUCT_BUNDLE_IDENTIFIER = "com.zecaifu-luanjinxin.LJXXZYSUITests";
				PRODUCT_NAME = "$(TARGET_NAME)";
				TARGETED_DEVICE_FAMILY = "1,2";
				TEST_TARGET_NAME = LJXXZYS;
			};
			name = Release;
		};
/* End XCBuildConfiguration section */

/* Begin XCConfigurationList section */
		DD7D81AB22621EFA00D35D8F /* Build configuration list for PBXProject "LJXXZYS" */ = {
			isa = XCConfigurationList;
			buildConfigurations = (
				DD7D81DA22621EFC00D35D8F /* Debug */,
				DD7D81DB22621EFC00D35D8F /* Release */,
			);
			defaultConfigurationIsVisible = 0;
			defaultConfigurationName = Release;
		};
		DD7D81DC22621EFC00D35D8F /* Build configuration list for PBXNativeTarget "LJXXZYS" */ = {
			isa = XCConfigurationList;
			buildConfigurations = (
				DD7D81DD22621EFC00D35D8F /* Debug */,
				DD7D81DE22621EFC00D35D8F /* Release */,
			);
			defaultConfigurationIsVisible = 0;
			defaultConfigurationName = Release;
		};
		DD7D81DF22621EFC00D35D8F /* Build configuration list for PBXNativeTarget "LJXXZYSTests" */ = {
			isa = XCConfigurationList;
			buildConfigurations = (
				DD7D81E022621EFC00D35D8F /* Debug */,
				DD7D81E122621EFC00D35D8F /* Release */,
			);
			defaultConfigurationIsVisible = 0;
			defaultConfigurationName = Release;
		};
		DD7D81E222621EFC00D35D8F /* Build configuration list for PBXNativeTarget "LJXXZYSUITests" */ = {
			isa = XCConfigurationList;
			buildConfigurations = (
				DD7D81E322621EFC00D35D8F /* Debug */,
				DD7D81E422621EFC00D35D8F /* Release */,
			);
			defaultConfigurationIsVisible = 0;
			defaultConfigurationName = Release;
		};
/* End XCConfigurationList section */
	};
	rootObject = DD7D81A822621EFA00D35D8F /* Project object */;
}
